// !$*UTF8*$!
{
	archiveVersion = 1;
	classes = {
	};
	objectVersion = 50;
	objects = {

/* Begin PBXBuildFile section */
		2CA6AE1923ABE90300BD3059 /* AppDelegate.swift in Sources */ = {isa = PBXBuildFile; fileRef = 2CA6AE1823ABE90300BD3059 /* AppDelegate.swift */; };
		2CA6AE1B23ABE90300BD3059 /* SceneDelegate.swift in Sources */ = {isa = PBXBuildFile; fileRef = 2CA6AE1A23ABE90300BD3059 /* SceneDelegate.swift */; };
		2CA6AE1D23ABE90300BD3059 /* ViewController.swift in Sources */ = {isa = PBXBuildFile; fileRef = 2CA6AE1C23ABE90300BD3059 /* ViewController.swift */; };
		2CA6AE2023ABE90300BD3059 /* Main.storyboard in Resources */ = {isa = PBXBuildFile; fileRef = 2CA6AE1E23ABE90300BD3059 /* Main.storyboard */; };
		2CA6AE2223ABE90500BD3059 /* Assets.xcassets in Resources */ = {isa = PBXBuildFile; fileRef = 2CA6AE2123ABE90500BD3059 /* Assets.xcassets */; };
		2CA6AE2523ABE90500BD3059 /* LaunchScreen.storyboard in Resources */ = {isa = PBXBuildFile; fileRef = 2CA6AE2323ABE90500BD3059 /* LaunchScreen.storyboard */; };
/* End PBXBuildFile section */

/* Begin PBXFileReference section */
		2CA6AE1523ABE90300BD3059 /* SampleCalcAppXcode11_3.app */ = {isa = PBXFileReference; explicitFileType = wrapper.application; includeInIndex = 0; path = SampleCalcAppXcode11_3.app; sourceTree = BUILT_PRODUCTS_DIR; };
		2CA6AE1823ABE90300BD3059 /* AppDelegate.swift */ = {isa = PBXFileReference; lastKnownFileType = sourcecode.swift; path = AppDelegate.swift; sourceTree = "<group>"; };
		2CA6AE1A23ABE90300BD3059 /* SceneDelegate.swift */ = {isa = PBXFileReference; lastKnownFileType = sourcecode.swift; path = SceneDelegate.swift; sourceTree = "<group>"; };
		2CA6AE1C23ABE90300BD3059 /* ViewController.swift */ = {isa = PBXFileReference; lastKnownFileType = sourcecode.swift; path = ViewController.swift; sourceTree = "<group>"; };
		2CA6AE1F23ABE90300BD3059 /* Base */ = {isa = PBXFileReference; lastKnownFileType = file.storyboard; name = Base; path = Base.lproj/Main.storyboard; sourceTree = "<group>"; };
		2CA6AE2123ABE90500BD3059 /* Assets.xcassets */ = {isa = PBXFileReference; lastKnownFileType = folder.assetcatalog; path = Assets.xcassets; sourceTree = "<group>"; };
		2CA6AE2423ABE90500BD3059 /* Base */ = {isa = PBXFileReference; lastKnownFileType = file.storyboard; name = Base; path = Base.lproj/LaunchScreen.storyboard; sourceTree = "<group>"; };
		2CA6AE2623ABE90500BD3059 /* Info.plist */ = {isa = PBXFileReference; lastKnownFileType = text.plist.xml; path = Info.plist; sourceTree = "<group>"; };
/* End PBXFileReference section */

/* Begin PBXFrameworksBuildPhase section */
		2CA6AE1223ABE90300BD3059 /* Frameworks */ = {
			isa = PBXFrameworksBuildPhase;
			buildActionMask = 2147483647;
			files = (
			);
			runOnlyForDeploymentPostprocessing = 0;
		};
/* End PBXFrameworksBuildPhase section */

/* Begin PBXGroup section */
		2CA6AE0C23ABE90300BD3059 = {
			isa = PBXGroup;
			children = (
				2CA6AE1723ABE90300BD3059 /* SampleCalcAppXcode11_3 */,
				2CA6AE1623ABE90300BD3059 /* Products */,
			);
			sourceTree = "<group>";
		};
		2CA6AE1623ABE90300BD3059 /* Products */ = {
			isa = PBXGroup;
			children = (
				2CA6AE1523ABE90300BD3059 /* SampleCalcAppXcode11_3.app */,
			);
			name = Products;
			sourceTree = "<group>";
		};
		2CA6AE1723ABE90300BD3059 /* SampleCalcAppXcode11_3 */ = {
			isa = PBXGroup;
			children = (
				2CA6AE1823ABE90300BD3059 /* AppDelegate.swift */,
				2CA6AE1A23ABE90300BD3059 /* SceneDelegate.swift */,
				2CA6AE1C23ABE90300BD3059 /* ViewController.swift */,
				2CA6AE1E23ABE90300BD3059 /* Main.storyboard */,
				2CA6AE2123ABE90500BD3059 /* Assets.xcassets */,
				2CA6AE2323ABE90500BD3059 /* LaunchScreen.storyboard */,
				2CA6AE2623ABE90500BD3059 /* Info.plist */,
			);
			path = SampleCalcAppXcode11_3;
			sourceTree = "<group>";
		};
/* End PBXGroup section */

/* Begin PBXNativeTarget section */
		2CA6AE1423ABE90300BD3059 /* SampleCalcAppXcode11_3 */ = {
			isa = PBXNativeTarget;
			buildConfigurationList = 2CA6AE2923ABE90500BD3059 /* Build configuration list for PBXNativeTarget "SampleCalcAppXcode11_3" */;
			buildPhases = (
				2CA6AE1123ABE90300BD3059 /* Sources */,
				2CA6AE1223ABE90300BD3059 /* Frameworks */,
				2CA6AE1323ABE90300BD3059 /* Resources */,
			);
			buildRules = (
			);
			dependencies = (
			);
			name = SampleCalcAppXcode11_3;
			productName = SampleCalcAppXcode11_3;
			productReference = 2CA6AE1523ABE90300BD3059 /* SampleCalcAppXcode11_3.app */;
			productType = "com.apple.product-type.application";
		};
/* End PBXNativeTarget section */

/* Begin PBXProject section */
		2CA6AE0D23ABE90300BD3059 /* Project object */ = {
			isa = PBXProject;
			attributes = {
				LastSwiftUpdateCheck = 1130;
				LastUpgradeCheck = 1130;
				ORGANIZATIONNAME = "Muneharu Onoue";
				TargetAttributes = {
					2CA6AE1423ABE90300BD3059 = {
						CreatedOnToolsVersion = 11.3;
					};
				};
			};
			buildConfigurationList = 2CA6AE1023ABE90300BD3059 /* Build configuration list for PBXProject "SampleCalcAppXcode11_3" */;
			compatibilityVersion = "Xcode 9.3";
			developmentRegion = en;
			hasScannedForEncodings = 0;
			knownRegions = (
				en,
				Base,
			);
			mainGroup = 2CA6AE0C23ABE90300BD3059;
			productRefGroup = 2CA6AE1623ABE90300BD3059 /* Products */;
			projectDirPath = "";
			projectRoot = "";
			targets = (
				2CA6AE1423ABE90300BD3059 /* SampleCalcAppXcode11_3 */,
			);
		};
/* End PBXProject section */

/* Begin PBXResourcesBuildPhase section */
		2CA6AE1323ABE90300BD3059 /* Resources */ = {
			isa = PBXResourcesBuildPhase;
			buildActionMask = 2147483647;
			files = (
				2CA6AE2523ABE90500BD3059 /* LaunchScreen.storyboard in Resources */,
				2CA6AE2223ABE90500BD3059 /* Assets.xcassets in Resources */,
				2CA6AE2023ABE90300BD3059 /* Main.storyboard in Resources */,
			);
			runOnlyForDeploymentPostprocessing = 0;
		};
/* End PBXResourcesBuildPhase section */

/* Begin PBXSourcesBuildPhase section */
		2CA6AE1123ABE90300BD3059 /* Sources */ = {
			isa = PBXSourcesBuildPhase;
			buildActionMask = 2147483647;
			files = (
				2CA6AE1D23ABE90300BD3059 /* ViewController.swift in Sources */,
				2CA6AE1923ABE90300BD3059 /* AppDelegate.swift in Sources */,
				2CA6AE1B23ABE90300BD3059 /* SceneDelegate.swift in Sources */,
			);
			runOnlyForDeploymentPostprocessing = 0;
		};
/* End PBXSourcesBuildPhase section */

/* Begin PBXVariantGroup section */
		2CA6AE1E23ABE90300BD3059 /* Main.storyboard */ = {
			isa = PBXVariantGroup;
			children = (
				2CA6AE1F23ABE90300BD3059 /* Base */,
			);
			name = Main.storyboard;
			sourceTree = "<group>";
		};
		2CA6AE2323ABE90500BD3059 /* LaunchScreen.storyboard */ = {
			isa = PBXVariantGroup;
			children = (
				2CA6AE2423ABE90500BD3059 /* Base */,
			);
			name = LaunchScreen.storyboard;
			sourceTree = "<group>";
		};
/* End PBXVariantGroup section */

/* Begin XCBuildConfiguration section */
		2CA6AE2723ABE90500BD3059 /* Debug */ = {
			isa = XCBuildConfiguration;
			buildSettings = {
				ALWAYS_SEARCH_USER_PATHS = NO;
				CLANG_ANALYZER_NONNULL = YES;
				CLANG_ANALYZER_NUMBER_OBJECT_CONVERSION = YES_AGGRESSIVE;
				CLANG_CXX_LANGUAGE_STANDARD = "gnu++14";
				CLANG_CXX_LIBRARY = "libc++";
				CLANG_ENABLE_MODULES = YES;
				CLANG_ENABLE_OBJC_ARC = YES;
				CLANG_ENABLE_OBJC_WEAK = YES;
				CLANG_WARN_BLOCK_CAPTURE_AUTORELEASING = YES;
				CLANG_WARN_BOOL_CONVERSION = YES;
				CLANG_WARN_COMMA = YES;
				CLANG_WARN_CONSTANT_CONVERSION = YES;
				CLANG_WARN_DEPRECATED_OBJC_IMPLEMENTATIONS = YES;
				CLANG_WARN_DIRECT_OBJC_ISA_USAGE = YES_ERROR;
				CLANG_WARN_DOCUMENTATION_COMMENTS = YES;
				CLANG_WARN_EMPTY_BODY = YES;
				CLANG_WARN_ENUM_CONVERSION = YES;
				CLANG_WARN_INFINITE_RECURSION = YES;
				CLANG_WARN_INT_CONVERSION = YES;
				CLANG_WARN_NON_LITERAL_NULL_CONVERSION = YES;
				CLANG_WARN_OBJC_IMPLICIT_RETAIN_SELF = YES;
				CLANG_WARN_OBJC_LITERAL_CONVERSION = YES;
				CLANG_WARN_OBJC_ROOT_CLASS = YES_ERROR;
				CLANG_WARN_RANGE_LOOP_ANALYSIS = YES;
				CLANG_WARN_STRICT_PROTOTYPES = YES;
				CLANG_WARN_SUSPICIOUS_MOVE = YES;
				CLANG_WARN_UNGUARDED_AVAILABILITY = YES_AGGRESSIVE;
				CLANG_WARN_UNREACHABLE_CODE = YES;
				CLANG_WARN__DUPLICATE_METHOD_MATCH = YES;
				COPY_PHASE_STRIP = NO;
				DEBUG_INFORMATION_FORMAT = dwarf;
				ENABLE_STRICT_OBJC_MSGSEND = YES;
				ENABLE_TESTABILITY = YES;
				GCC_C_LANGUAGE_STANDARD = gnu11;
				GCC_DYNAMIC_NO_PIC = NO;
				GCC_NO_COMMON_BLOCKS = YES;
				GCC_OPTIMIZATION_LEVEL = 0;
				GCC_PREPROCESSOR_DEFINITIONS = (
					"DEBUG=1",
					"$(inherited)",
				);
				GCC_WARN_64_TO_32_BIT_CONVERSION = YES;
				GCC_WARN_ABOUT_RETURN_TYPE = YES_ERROR;
				GCC_WARN_UNDECLARED_SELECTOR = YES;
				GCC_WARN_UNINITIALIZED_AUTOS = YES_AGGRESSIVE;
				GCC_WARN_UNUSED_FUNCTION = YES;
				GCC_WARN_UNUSED_VARIABLE = YES;
				IPHONEOS_DEPLOYMENT_TARGET = 13.2;
				MTL_ENABLE_DEBUG_INFO = INCLUDE_SOURCE;
				MTL_FAST_MATH = YES;
				ONLY_ACTIVE_ARCH = YES;
				SDKROOT = iphoneos;
				SWIFT_ACTIVE_COMPILATION_CONDITIONS = DEBUG;
				SWIFT_OPTIMIZATION_LEVEL = "-Onone";
			};
			name = Debug;
		};
		2CA6AE2823ABE90500BD3059 /* Release */ = {
			isa = XCBuildConfiguration;
			buildSettings = {
				ALWAYS_SEARCH_USER_PATHS = NO;
				CLANG_ANALYZER_NONNULL = YES;
				CLANG_ANALYZER_NUMBER_OBJECT_CONVERSION = YES_AGGRESSIVE;
				CLANG_CXX_LANGUAGE_STANDARD = "gnu++14";
				CLANG_CXX_LIBRARY = "libc++";
				CLANG_ENABLE_MODULES = YES;
				CLANG_ENABLE_OBJC_ARC = YES;
				CLANG_ENABLE_OBJC_WEAK = YES;
				CLANG_WARN_BLOCK_CAPTURE_AUTORELEASING = YES;
				CLANG_WARN_BOOL_CONVERSION = YES;
				CLANG_WARN_COMMA = YES;
				CLANG_WARN_CONSTANT_CONVERSION = YES;
				CLANG_WARN_DEPRECATED_OBJC_IMPLEMENTATIONS = YES;
				CLANG_WARN_DIRECT_OBJC_ISA_USAGE = YES_ERROR;
				CLANG_WARN_DOCUMENTATION_COMMENTS = YES;
				CLANG_WARN_EMPTY_BODY = YES;
				CLANG_WARN_ENUM_CONVERSION = YES;
				CLANG_WARN_INFINITE_RECURSION = YES;
				CLANG_WARN_INT_CONVERSION = YES;
				CLANG_WARN_NON_LITERAL_NULL_CONVERSION = YES;
				CLANG_WARN_OBJC_IMPLICIT_RETAIN_SELF = YES;
				CLANG_WARN_OBJC_LITERAL_CONVERSION = YES;
				CLANG_WARN_OBJC_ROOT_CLASS = YES_ERROR;
				CLANG_WARN_RANGE_LOOP_ANALYSIS = YES;
				CLANG_WARN_STRICT_PROTOTYPES = YES;
				CLANG_WARN_SUSPICIOUS_MOVE = YES;
				CLANG_WARN_UNGUARDED_AVAILABILITY = YES_AGGRESSIVE;
				CLANG_WARN_UNREACHABLE_CODE = YES;
				CLANG_WARN__DUPLICATE_METHOD_MATCH = YES;
				COPY_PHASE_STRIP = NO;
				DEBUG_INFORMATION_FORMAT = "dwarf-with-dsym";
				ENABLE_NS_ASSERTIONS = NO;
				ENABLE_STRICT_OBJC_MSGSEND = YES;
				GCC_C_LANGUAGE_STANDARD = gnu11;
				GCC_NO_COMMON_BLOCKS = YES;
				GCC_WARN_64_TO_32_BIT_CONVERSION = YES;
				GCC_WARN_ABOUT_RETURN_TYPE = YES_ERROR;
				GCC_WARN_UNDECLARED_SELECTOR = YES;
				GCC_WARN_UNINITIALIZED_AUTOS = YES_AGGRESSIVE;
				GCC_WARN_UNUSED_FUNCTION = YES;
				GCC_WARN_UNUSED_VARIABLE = YES;
				IPHONEOS_DEPLOYMENT_TARGET = 13.2;
				MTL_ENABLE_DEBUG_INFO = NO;
				MTL_FAST_MATH = YES;
				SDKROOT = iphoneos;
				SWIFT_COMPILATION_MODE = wholemodule;
				SWIFT_OPTIMIZATION_LEVEL = "-O";
				VALIDATE_PRODUCT = YES;
			};
			name = Release;
		};
		2CA6AE2A23ABE90500BD3059 /* Debug */ = {
			isa = XCBuildConfiguration;
			buildSettings = {
				ASSETCATALOG_COMPILER_APPICON_NAME = AppIcon;
				CODE_SIGN_STYLE = Automatic;
				DEVELOPMENT_TEAM = 9F3KC5MR2C;
				INFOPLIST_FILE = SampleCalcAppXcode11_3/Info.plist;
				LD_RUNPATH_SEARCH_PATHS = (
					"$(inherited)",
					"@executable_path/Frameworks",
				);
				PRODUCT_BUNDLE_IDENTIFIER = "com.geelive.SampleCalcAppXcode11-3";
				PRODUCT_NAME = "$(TARGET_NAME)";
				SWIFT_VERSION = 5.0;
				TARGETED_DEVICE_FAMILY = "1,2";
			};
			name = Debug;
		};
		2CA6AE2B23ABE90500BD3059 /* Release */ = {
			isa = XCBuildConfiguration;
			buildSettings = {
				ASSETCATALOG_COMPILER_APPICON_NAME = AppIcon;
				CODE_SIGN_STYLE = Automatic;
				DEVELOPMENT_TEAM = 9F3KC5MR2C;
				INFOPLIST_FILE = SampleCalcAppXcode11_3/Info.plist;
				LD_RUNPATH_SEARCH_PATHS = (
					"$(inherited)",
					"@executable_path/Frameworks",
				);
				PRODUCT_BUNDLE_IDENTIFIER = "com.geelive.SampleCalcAppXcode11-3";
				PRODUCT_NAME = "$(TARGET_NAME)";
				SWIFT_VERSION = 5.0;
				TARGETED_DEVICE_FAMILY = "1,2";
			};
			name = Release;
		};
/* End XCBuildConfiguration section */

/* Begin XCConfigurationList section */
		2CA6AE1023ABE90300BD3059 /* Build configuration list for PBXProject "SampleCalcAppXcode11_3" */ = {
			isa = XCConfigurationList;
			buildConfigurations = (
				2CA6AE2723ABE90500BD3059 /* Debug */,
				2CA6AE2823ABE90500BD3059 /* Release */,
			);
			defaultConfigurationIsVisible = 0;
			defaultConfigurationName = Release;
		};
		2CA6AE2923ABE90500BD3059 /* Build configuration list for PBXNativeTarget "SampleCalcAppXcode11_3" */ = {
			isa = XCConfigurationList;
			buildConfigurations = (
				2CA6AE2A23ABE90500BD3059 /* Debug */,
				2CA6AE2B23ABE90500BD3059 /* Release */,
			);
			defaultConfigurationIsVisible = 0;
			defaultConfigurationName = Release;
		};
/* End XCConfigurationList section */
	};
	rootObject = 2CA6AE0D23ABE90300BD3059 /* Project object */;
}
